dependencies:
- name: openzaak
  repository: https://maykinmedia.github.io/charts/
  version: 1.13.1
- name: gpp-app
  repository: https://GPP-Woo.github.io/charts
  version: 0.3.2-rc.1
- name: gpp-publicatiebank
  repository: https://GPP-Woo.github.io/charts
  version: 2.0.8-rc.4
- name: gpp-burgerportaal
  repository: https://GPP-Woo.github.io/charts
  version: 2.0.0-rc.2
- name: gpp-zoeken
  repository: https://GPP-Woo.github.io/charts
  version: 0.2.6-rc.4
digest: sha256:18c597898587e539a78d2dcf3612a47ff54794b93884cc9361f663c992601767
generated: "2026-03-05T11:17:40.5535477+01:00"
