dependencies:
- name: openzaak
  repository: https://maykinmedia.github.io/charts/
  version: 1.10.1
- name: gpp-app
  repository: https://GPP-Woo.github.io/charts
  version: 0.3.0
- name: gpp-publicatiebank
  repository: https://GPP-Woo.github.io/charts
  version: 2.0.6
- name: gpp-burgerportaal
  repository: https://GPP-Woo.github.io/charts
  version: 1.2.0
- name: gpp-zoeken
  repository: https://GPP-Woo.github.io/charts
  version: 0.2.5
digest: sha256:140241563f90e2028d8adf31c5a54bfded8f175f3e4d557c77f628d6807c7958
generated: "2025-09-26T11:37:00.3756861+02:00"
