dependencies:
- name: redis
  repository: https://charts.bitnami.com/bitnami
  version: 22.0.1
- name: eck-operator
  repository: https://helm.elastic.co
  version: 3.3.1
- name: eck-elasticsearch
  repository: https://helm.elastic.co
  version: 0.18.1
digest: sha256:446424fa89cc230efa600cc0c75cd9d03fba6d94dc40bcfc85d19a7e1d5cd097
generated: "2026-03-04T17:29:18.6898093+01:00"
